# THIS IS AN AUTOGENERATED FILE. DO NOT EDIT THIS FILE DIRECTLY.
# yarn lockfile v1


"@vant/weapp@^1.4.1":
  version "1.4.1"
  resolved "https://registry.yarnpkg.com/@vant/weapp/-/weapp-1.4.1.tgz#3cd7c88a0564313b76129c2884c09e7dc6ba06f4"
  integrity sha512-8CWPFFkOj1HwPk0ZGU/ctQIZIMFjNyUaODrGN07ICE3I862rYa95a8SK17G8jFzf9NUJHKj00AWi7Lk5KhjEzQ==
